
Microsoft Visual Studio Solution File, Format Version 12.00
# Visual Studio Version 16
VisualStudioVersion = 16.0.809.7
MinimumVisualStudioVersion = 10.0.40219.1
Project("{FAE04EC0-301F-11D3-BF4B-00C04F79EFBC}") = "HealthCheck", "HealthCheck.csproj", "{474EBCDF-4B61-4950-A313-0129324A0EFE}"
EndProject
Global
	GlobalSection(SolutionConfigurationPlatforms) = preSolution
		Debug|Any CPU = Debug|Any CPU
		Release|Any CPU = Release|Any CPU
	EndGlobalSection
	GlobalSection(ProjectConfigurationPlatforms) = postSolution
		{474EBCDF-4B61-4950-A313-0129324A0EFE}.Debug|Any CPU.ActiveCfg = Debug|Any CPU
		{474EBCDF-4B61-4950-A313-0129324A0EFE}.Debug|Any CPU.Build.0 = Debug|Any CPU
		{474EBCDF-4B61-4950-A313-0129324A0EFE}.Release|Any CPU.ActiveCfg = Release|Any CPU
		{474EBCDF-4B61-4950-A313-0129324A0EFE}.Release|Any CPU.Build.0 = Release|Any CPU
	EndGlobalSection
	GlobalSection(SolutionProperties) = preSolution
		HideSolutionNode = FALSE
	EndGlobalSection
	GlobalSection(ExtensibilityGlobals) = postSolution
		SolutionGuid = {0BE27B9B-EFA1-462E-82E3-10C086482D43}
	EndGlobalSection
EndGlobal
